
Microsoft Visual Studio Solution File, Format Version 12.00
# Visual Studio Version 16
VisualStudioVersion = 16.0.29709.97
MinimumVisualStudioVersion = 10.0.40219.1
Project("{FAE04EC0-301F-11D3-BF4B-00C04F79EFBC}") = "GC_CS_Capstone_2_TaskList", "GC_CS_Capstone_2_TaskList\GC_CS_Capstone_2_TaskList.csproj", "{48910C35-DE85-470D-9A50-8D8B11A8E0AE}"
EndProject
Global
	GlobalSection(SolutionConfigurationPlatforms) = preSolution
		Debug|Any CPU = Debug|Any CPU
		Release|Any CPU = Release|Any CPU
	EndGlobalSection
	GlobalSection(ProjectConfigurationPlatforms) = postSolution
		{48910C35-DE85-470D-9A50-8D8B11A8E0AE}.Debug|Any CPU.ActiveCfg = Debug|Any CPU
		{48910C35-DE85-470D-9A50-8D8B11A8E0AE}.Debug|Any CPU.Build.0 = Debug|Any CPU
		{48910C35-DE85-470D-9A50-8D8B11A8E0AE}.Release|Any CPU.ActiveCfg = Release|Any CPU
		{48910C35-DE85-470D-9A50-8D8B11A8E0AE}.Release|Any CPU.Build.0 = Release|Any CPU
	EndGlobalSection
	GlobalSection(SolutionProperties) = preSolution
		HideSolutionNode = FALSE
	EndGlobalSection
	GlobalSection(ExtensibilityGlobals) = postSolution
		SolutionGuid = {B7B580BC-B772-49A1-8C4A-05D87FB1FA7B}
	EndGlobalSection
EndGlobal
